
Microsoft Visual Studio Solution File, Format Version 12.00
# Visual Studio Version 17
VisualStudioVersion = 17.1.32228.430
MinimumVisualStudioVersion = 10.0.40219.1
Project("{FAE04EC0-301F-11D3-BF4B-00C04F79EFBC}") = "Web01", "Web01\Web01.csproj", "{AB88C4CF-7060-4D4C-9186-2ADE30D68D52}"
EndProject
Global
	GlobalSection(SolutionConfigurationPlatforms) = preSolution
		Debug|Any CPU = Debug|Any CPU
		Release|Any CPU = Release|Any CPU
	EndGlobalSection
	GlobalSection(ProjectConfigurationPlatforms) = postSolution
		{AB88C4CF-7060-4D4C-9186-2ADE30D68D52}.Debug|Any CPU.ActiveCfg = Debug|Any CPU
		{AB88C4CF-7060-4D4C-9186-2ADE30D68D52}.Debug|Any CPU.Build.0 = Debug|Any CPU
		{AB88C4CF-7060-4D4C-9186-2ADE30D68D52}.Release|Any CPU.ActiveCfg = Release|Any CPU
		{AB88C4CF-7060-4D4C-9186-2ADE30D68D52}.Release|Any CPU.Build.0 = Release|Any CPU
	EndGlobalSection
	GlobalSection(SolutionProperties) = preSolution
		HideSolutionNode = FALSE
	EndGlobalSection
	GlobalSection(ExtensibilityGlobals) = postSolution
		SolutionGuid = {055F8635-5F62-4129-A17A-4AE6E025E1C7}
	EndGlobalSection
EndGlobal
